
Microsoft Visual Studio Solution File, Format Version 12.00
# Visual Studio 15
VisualStudioVersion = 15.0.28307.421
MinimumVisualStudioVersion = 10.0.40219.1
Project("{FAE04EC0-301F-11D3-BF4B-00C04F79EFBC}") = "InvadersNet", "InvadersNet\InvadersNet.csproj", "{681BF3FA-6A2E-4122-8171-8FD40103B921}"
EndProject
Project("{FAE04EC0-301F-11D3-BF4B-00C04F79EFBC}") = "Intel8080", "libraries\EightBitNet\Intel8080\Intel8080.csproj", "{75AE8D08-4EA0-4B73-84E8-9C0BA694AA6A}"
EndProject
Project("{FAE04EC0-301F-11D3-BF4B-00C04F79EFBC}") = "EightBit", "libraries\EightBitNet\EightBit\EightBit.csproj", "{6EBF8857-62A3-4EF4-AF21-C1844031D7E4}"
EndProject
Global
	GlobalSection(SolutionConfigurationPlatforms) = preSolution
		Debug|Any CPU = Debug|Any CPU
		Release|Any CPU = Release|Any CPU
	EndGlobalSection
	GlobalSection(ProjectConfigurationPlatforms) = postSolution
		{681BF3FA-6A2E-4122-8171-8FD40103B921}.Debug|Any CPU.ActiveCfg = Debug|Any CPU
		{681BF3FA-6A2E-4122-8171-8FD40103B921}.Debug|Any CPU.Build.0 = Debug|Any CPU
		{681BF3FA-6A2E-4122-8171-8FD40103B921}.Release|Any CPU.ActiveCfg = Release|Any CPU
		{681BF3FA-6A2E-4122-8171-8FD40103B921}.Release|Any CPU.Build.0 = Release|Any CPU
		{75AE8D08-4EA0-4B73-84E8-9C0BA694AA6A}.Debug|Any CPU.ActiveCfg = Debug|Any CPU
		{75AE8D08-4EA0-4B73-84E8-9C0BA694AA6A}.Debug|Any CPU.Build.0 = Debug|Any CPU
		{75AE8D08-4EA0-4B73-84E8-9C0BA694AA6A}.Release|Any CPU.ActiveCfg = Release|Any CPU
		{75AE8D08-4EA0-4B73-84E8-9C0BA694AA6A}.Release|Any CPU.Build.0 = Release|Any CPU
		{6EBF8857-62A3-4EF4-AF21-C1844031D7E4}.Debug|Any CPU.ActiveCfg = Debug|Any CPU
		{6EBF8857-62A3-4EF4-AF21-C1844031D7E4}.Debug|Any CPU.Build.0 = Debug|Any CPU
		{6EBF8857-62A3-4EF4-AF21-C1844031D7E4}.Release|Any CPU.ActiveCfg = Release|Any CPU
		{6EBF8857-62A3-4EF4-AF21-C1844031D7E4}.Release|Any CPU.Build.0 = Release|Any CPU
	EndGlobalSection
	GlobalSection(SolutionProperties) = preSolution
		HideSolutionNode = FALSE
	EndGlobalSection
	GlobalSection(ExtensibilityGlobals) = postSolution
		SolutionGuid = {5A7E196C-9AF7-4F10-A9EF-780E2CD466B2}
	EndGlobalSection
EndGlobal
